
Microsoft Visual Studio Solution File, Format Version 12.00
# Visual Studio Version 17
VisualStudioVersion = 17.7.34031.279
MinimumVisualStudioVersion = 10.0.40219.1
Project("{9A19103F-16F7-4668-BE54-9A1E7A4F7556}") = "API", "API\API.csproj", "{7EE59FD5-A195-47BA-857A-ADC76F094CBC}"
EndProject
Project("{FAE04EC0-301F-11D3-BF4B-00C04F79EFBC}") = "Contracts", "Contracts\Contracts.csproj", "{3A5020EF-9F7D-442C-AB45-9C85155791B1}"
EndProject
Global
	GlobalSection(SolutionConfigurationPlatforms) = preSolution
		Debug|Any CPU = Debug|Any CPU
		Release|Any CPU = Release|Any CPU
	EndGlobalSection
	GlobalSection(ProjectConfigurationPlatforms) = postSolution
		{7EE59FD5-A195-47BA-857A-ADC76F094CBC}.Debug|Any CPU.ActiveCfg = Debug|Any CPU
		{7EE59FD5-A195-47BA-857A-ADC76F094CBC}.Debug|Any CPU.Build.0 = Debug|Any CPU
		{7EE59FD5-A195-47BA-857A-ADC76F094CBC}.Release|Any CPU.ActiveCfg = Release|Any CPU
		{7EE59FD5-A195-47BA-857A-ADC76F094CBC}.Release|Any CPU.Build.0 = Release|Any CPU
		{3A5020EF-9F7D-442C-AB45-9C85155791B1}.Debug|Any CPU.ActiveCfg = Debug|Any CPU
		{3A5020EF-9F7D-442C-AB45-9C85155791B1}.Debug|Any CPU.Build.0 = Debug|Any CPU
		{3A5020EF-9F7D-442C-AB45-9C85155791B1}.Release|Any CPU.ActiveCfg = Release|Any CPU
		{3A5020EF-9F7D-442C-AB45-9C85155791B1}.Release|Any CPU.Build.0 = Release|Any CPU
	EndGlobalSection
	GlobalSection(SolutionProperties) = preSolution
		HideSolutionNode = FALSE
	EndGlobalSection
	GlobalSection(ExtensibilityGlobals) = postSolution
		SolutionGuid = {9F5ADEE7-9255-4F43-A079-17F978D51BD3}
	EndGlobalSection
EndGlobal
